# This file is automatically @generated by Cargo.
# It is not intended for manual editing.
version = 3

[[package]]
name = "arrayvec"
version = "0.7.4"
source = "registry+https://github.com/rust-lang/crates.io-index"
checksum = "96d30a06541fbafbc7f82ed10c06164cfbd2c401138f6addd8404629c4b16711"

[[package]]
name = "nanorand"
version = "0.7.0"
source = "registry+https://github.com/rust-lang/crates.io-index"
checksum = "6a51313c5820b0b02bd422f4b44776fbf47961755c74ce64afc73bfad10226c3"

[[package]]
name = "spongemock"
version = "0.7.0"
dependencies = [
 "nanorand",
 "utf8-chars",
]

[[package]]
name = "utf8-chars"
version = "3.0.1"
source = "registry+https://github.com/rust-lang/crates.io-index"
checksum = "08465e4e09f9ac32d8bc0967565046ec27a9078f82fe738da658ccd689c2c277"
dependencies = [
 "arrayvec",
]
